
Microsoft Visual Studio Solution File, Format Version 12.00
# Visual Studio Version 16
VisualStudioVersion = 16.0.32602.291
MinimumVisualStudioVersion = 10.0.40219.1
Project("{9A19103F-16F7-4668-BE54-9A1E7A4F7556}") = "PrintCost.Web", "PrintCost\PrintCost.Web.csproj", "{68D723D1-F65E-4D0D-B095-05E34B965F84}"
EndProject
Project("{2150E333-8FDC-42A3-9474-1A3956D46DE8}") = "Web", "Web", "{297A0665-429C-488B-BD7A-E0DFCD0572E4}"
EndProject
Project("{2150E333-8FDC-42A3-9474-1A3956D46DE8}") = "Business", "Business", "{6A0E4E64-5EA1-455F-930B-B3A07DD42ECE}"
EndProject
Project("{2150E333-8FDC-42A3-9474-1A3956D46DE8}") = "Shared", "Shared", "{7149B2F6-9EE5-4FE8-9462-EBF13702EB71}"
EndProject
Project("{9A19103F-16F7-4668-BE54-9A1E7A4F7556}") = "PrintCost.Business", "PrintCost.Business\PrintCost.Business.csproj", "{13B99EC6-1FF5-4B5A-B6C2-9C9DBBD9923A}"
EndProject
Project("{2150E333-8FDC-42A3-9474-1A3956D46DE8}") = "Data", "Data", "{840F3FE9-0B22-4C88-AA8E-5599FD252D40}"
EndProject
Project("{9A19103F-16F7-4668-BE54-9A1E7A4F7556}") = "PrintCost.Data", "PrintCost.Data\PrintCost.Data.csproj", "{A03271DC-AADF-45DA-A269-F073A757E4B4}"
EndProject
Project("{9A19103F-16F7-4668-BE54-9A1E7A4F7556}") = "PrintCost.Context", "PrintData.Context\PrintCost.Context.csproj", "{65C4B9D5-F622-46B1-AAAD-76C3EAEA8A93}"
EndProject
Project("{9A19103F-16F7-4668-BE54-9A1E7A4F7556}") = "PrintCost.Entities", "PrintData.Entities\PrintCost.Entities.csproj", "{AB3AA9F1-AA93-48EA-98BF-3721DF1DFE84}"
EndProject
Project("{00D1A9C2-B5F0-4AF3-8072-F6C62B433612}") = "PrintCost.Database", "PrintData.Database\PrintCost.Database.sqlproj", "{DF7892DC-FC94-432E-B7A8-D62BD0D153B4}"
EndProject
Project("{9A19103F-16F7-4668-BE54-9A1E7A4F7556}") = "PrintCost.Contracts", "PrintCost.Contracts\PrintCost.Contracts.csproj", "{4D7342EE-6394-4C8E-A4D7-545C30BF608A}"
EndProject
Project("{FAE04EC0-301F-11D3-BF4B-00C04F79EFBC}") = "PrintCost.Common", "PrintCost.Common\PrintCost.Common.csproj", "{BF2E95BC-D164-49AF-9B9B-FAEBE6105371}"
EndProject
Global
	GlobalSection(SolutionConfigurationPlatforms) = preSolution
		Debug|Any CPU = Debug|Any CPU
		Release|Any CPU = Release|Any CPU
	EndGlobalSection
	GlobalSection(ProjectConfigurationPlatforms) = postSolution
		{68D723D1-F65E-4D0D-B095-05E34B965F84}.Debug|Any CPU.ActiveCfg = Debug|Any CPU
		{68D723D1-F65E-4D0D-B095-05E34B965F84}.Debug|Any CPU.Build.0 = Debug|Any CPU
		{68D723D1-F65E-4D0D-B095-05E34B965F84}.Release|Any CPU.ActiveCfg = Release|Any CPU
		{68D723D1-F65E-4D0D-B095-05E34B965F84}.Release|Any CPU.Build.0 = Release|Any CPU
		{13B99EC6-1FF5-4B5A-B6C2-9C9DBBD9923A}.Debug|Any CPU.ActiveCfg = Debug|Any CPU
		{13B99EC6-1FF5-4B5A-B6C2-9C9DBBD9923A}.Debug|Any CPU.Build.0 = Debug|Any CPU
		{13B99EC6-1FF5-4B5A-B6C2-9C9DBBD9923A}.Release|Any CPU.ActiveCfg = Release|Any CPU
		{13B99EC6-1FF5-4B5A-B6C2-9C9DBBD9923A}.Release|Any CPU.Build.0 = Release|Any CPU
		{A03271DC-AADF-45DA-A269-F073A757E4B4}.Debug|Any CPU.ActiveCfg = Debug|Any CPU
		{A03271DC-AADF-45DA-A269-F073A757E4B4}.Debug|Any CPU.Build.0 = Debug|Any CPU
		{A03271DC-AADF-45DA-A269-F073A757E4B4}.Release|Any CPU.ActiveCfg = Release|Any CPU
		{A03271DC-AADF-45DA-A269-F073A757E4B4}.Release|Any CPU.Build.0 = Release|Any CPU
		{65C4B9D5-F622-46B1-AAAD-76C3EAEA8A93}.Debug|Any CPU.ActiveCfg = Debug|Any CPU
		{65C4B9D5-F622-46B1-AAAD-76C3EAEA8A93}.Debug|Any CPU.Build.0 = Debug|Any CPU
		{65C4B9D5-F622-46B1-AAAD-76C3EAEA8A93}.Release|Any CPU.ActiveCfg = Release|Any CPU
		{65C4B9D5-F622-46B1-AAAD-76C3EAEA8A93}.Release|Any CPU.Build.0 = Release|Any CPU
		{AB3AA9F1-AA93-48EA-98BF-3721DF1DFE84}.Debug|Any CPU.ActiveCfg = Debug|Any CPU
		{AB3AA9F1-AA93-48EA-98BF-3721DF1DFE84}.Debug|Any CPU.Build.0 = Debug|Any CPU
		{AB3AA9F1-AA93-48EA-98BF-3721DF1DFE84}.Release|Any CPU.ActiveCfg = Release|Any CPU
		{AB3AA9F1-AA93-48EA-98BF-3721DF1DFE84}.Release|Any CPU.Build.0 = Release|Any CPU
		{DF7892DC-FC94-432E-B7A8-D62BD0D153B4}.Debug|Any CPU.ActiveCfg = Debug|Any CPU
		{DF7892DC-FC94-432E-B7A8-D62BD0D153B4}.Debug|Any CPU.Build.0 = Debug|Any CPU
		{DF7892DC-FC94-432E-B7A8-D62BD0D153B4}.Debug|Any CPU.Deploy.0 = Debug|Any CPU
		{DF7892DC-FC94-432E-B7A8-D62BD0D153B4}.Release|Any CPU.ActiveCfg = Release|Any CPU
		{DF7892DC-FC94-432E-B7A8-D62BD0D153B4}.Release|Any CPU.Build.0 = Release|Any CPU
		{DF7892DC-FC94-432E-B7A8-D62BD0D153B4}.Release|Any CPU.Deploy.0 = Release|Any CPU
		{4D7342EE-6394-4C8E-A4D7-545C30BF608A}.Debug|Any CPU.ActiveCfg = Debug|Any CPU
		{4D7342EE-6394-4C8E-A4D7-545C30BF608A}.Debug|Any CPU.Build.0 = Debug|Any CPU
		{4D7342EE-6394-4C8E-A4D7-545C30BF608A}.Release|Any CPU.ActiveCfg = Release|Any CPU
		{4D7342EE-6394-4C8E-A4D7-545C30BF608A}.Release|Any CPU.Build.0 = Release|Any CPU
		{BF2E95BC-D164-49AF-9B9B-FAEBE6105371}.Debug|Any CPU.ActiveCfg = Debug|Any CPU
		{BF2E95BC-D164-49AF-9B9B-FAEBE6105371}.Debug|Any CPU.Build.0 = Debug|Any CPU
		{BF2E95BC-D164-49AF-9B9B-FAEBE6105371}.Release|Any CPU.ActiveCfg = Release|Any CPU
		{BF2E95BC-D164-49AF-9B9B-FAEBE6105371}.Release|Any CPU.Build.0 = Release|Any CPU
	EndGlobalSection
	GlobalSection(SolutionProperties) = preSolution
		HideSolutionNode = FALSE
	EndGlobalSection
	GlobalSection(NestedProjects) = preSolution
		{68D723D1-F65E-4D0D-B095-05E34B965F84} = {297A0665-429C-488B-BD7A-E0DFCD0572E4}
		{13B99EC6-1FF5-4B5A-B6C2-9C9DBBD9923A} = {6A0E4E64-5EA1-455F-930B-B3A07DD42ECE}
		{A03271DC-AADF-45DA-A269-F073A757E4B4} = {840F3FE9-0B22-4C88-AA8E-5599FD252D40}
		{65C4B9D5-F622-46B1-AAAD-76C3EAEA8A93} = {840F3FE9-0B22-4C88-AA8E-5599FD252D40}
		{AB3AA9F1-AA93-48EA-98BF-3721DF1DFE84} = {7149B2F6-9EE5-4FE8-9462-EBF13702EB71}
		{DF7892DC-FC94-432E-B7A8-D62BD0D153B4} = {7149B2F6-9EE5-4FE8-9462-EBF13702EB71}
		{4D7342EE-6394-4C8E-A4D7-545C30BF608A} = {7149B2F6-9EE5-4FE8-9462-EBF13702EB71}
		{BF2E95BC-D164-49AF-9B9B-FAEBE6105371} = {7149B2F6-9EE5-4FE8-9462-EBF13702EB71}
	EndGlobalSection
	GlobalSection(ExtensibilityGlobals) = postSolution
		SolutionGuid = {B722D972-0A9B-4E50-BEE6-8429F3EE3186}
	EndGlobalSection
EndGlobal
